
Microsoft Visual Studio Solution File, Format Version 12.00
# Visual Studio Version 17
VisualStudioVersion = 17.8.34330.188
MinimumVisualStudioVersion = 10.0.40219.1
Project("{9A19103F-16F7-4668-BE54-9A1E7A4F7556}") = "TicketingSystemService", "TicketingSystemService\TicketingSystemService.csproj", "{178B3C32-3AC7-490E-B56A-2352FD5FF22B}"
EndProject
Project("{9A19103F-16F7-4668-BE54-9A1E7A4F7556}") = "Ticketing System", "Ticketing System\Ticketing System.csproj", "{B9FE18F5-A489-45C2-A61E-85415629A363}"
EndProject
Global
	GlobalSection(SolutionConfigurationPlatforms) = preSolution
		Debug|Any CPU = Debug|Any CPU
		Release|Any CPU = Release|Any CPU
	EndGlobalSection
	GlobalSection(ProjectConfigurationPlatforms) = postSolution
		{178B3C32-3AC7-490E-B56A-2352FD5FF22B}.Debug|Any CPU.ActiveCfg = Debug|Any CPU
		{178B3C32-3AC7-490E-B56A-2352FD5FF22B}.Debug|Any CPU.Build.0 = Debug|Any CPU
		{178B3C32-3AC7-490E-B56A-2352FD5FF22B}.Release|Any CPU.ActiveCfg = Release|Any CPU
		{178B3C32-3AC7-490E-B56A-2352FD5FF22B}.Release|Any CPU.Build.0 = Release|Any CPU
		{B9FE18F5-A489-45C2-A61E-85415629A363}.Debug|Any CPU.ActiveCfg = Debug|Any CPU
		{B9FE18F5-A489-45C2-A61E-85415629A363}.Debug|Any CPU.Build.0 = Debug|Any CPU
		{B9FE18F5-A489-45C2-A61E-85415629A363}.Release|Any CPU.ActiveCfg = Release|Any CPU
		{B9FE18F5-A489-45C2-A61E-85415629A363}.Release|Any CPU.Build.0 = Release|Any CPU
	EndGlobalSection
	GlobalSection(SolutionProperties) = preSolution
		HideSolutionNode = FALSE
	EndGlobalSection
	GlobalSection(ExtensibilityGlobals) = postSolution
		SolutionGuid = {A962327C-0984-4031-8CF6-AE2D4F5D2961}
	EndGlobalSection
EndGlobal
